
Microsoft Visual Studio Solution File, Format Version 12.00
# Visual Studio Version 17
VisualStudioVersion = 17.6.33815.320
MinimumVisualStudioVersion = 10.0.40219.1
Project("{9A19103F-16F7-4668-BE54-9A1E7A4F7556}") = "Test01", "Test01\Test01.csproj", "{27B18C7C-01D0-4186-AA3D-33675F3B4C4B}"
EndProject
Global
	GlobalSection(SolutionConfigurationPlatforms) = preSolution
		Debug|Any CPU = Debug|Any CPU
		Release|Any CPU = Release|Any CPU
	EndGlobalSection
	GlobalSection(ProjectConfigurationPlatforms) = postSolution
		{27B18C7C-01D0-4186-AA3D-33675F3B4C4B}.Debug|Any CPU.ActiveCfg = Debug|Any CPU
		{27B18C7C-01D0-4186-AA3D-33675F3B4C4B}.Debug|Any CPU.Build.0 = Debug|Any CPU
		{27B18C7C-01D0-4186-AA3D-33675F3B4C4B}.Release|Any CPU.ActiveCfg = Release|Any CPU
		{27B18C7C-01D0-4186-AA3D-33675F3B4C4B}.Release|Any CPU.Build.0 = Release|Any CPU
	EndGlobalSection
	GlobalSection(SolutionProperties) = preSolution
		HideSolutionNode = FALSE
	EndGlobalSection
	GlobalSection(ExtensibilityGlobals) = postSolution
		SolutionGuid = {E8B037D3-8725-4658-80ED-69F328C9887F}
	EndGlobalSection
EndGlobal
